{
  "name": "mythictable",
  "lockfileVersion": 2,
  "requires": true,
  "packages": {
    "": {
      "dependencies": {
        "gridfinder": "^1.58.0"
      }
    },
    "node_modules/gridfinder": {
      "version": "1.58.0",
      "resolved": "https://registry.npmjs.org/gridfinder/-/gridfinder-1.58.0.tgz",
      "integrity": "sha512-yvaygGk6go9+DZK8E7KGFbORzA+mxpxY2YVjLmHfLpWUi1V18Q/0iqdyuD/4qAbHMGfF8pMe++K2jN4VYA7Rwg=="
    }
  },
  "dependencies": {
    "gridfinder": {
      "version": "1.58.0",
      "resolved": "https://registry.npmjs.org/gridfinder/-/gridfinder-1.58.0.tgz",
      "integrity": "sha512-yvaygGk6go9+DZK8E7KGFbORzA+mxpxY2YVjLmHfLpWUi1V18Q/0iqdyuD/4qAbHMGfF8pMe++K2jN4VYA7Rwg=="
    }
  }
}
